// !$*UTF8*$!
{
	archiveVersion = 1;
	classes = {
	};
	objectVersion = 55;
	objects = {

/* Begin PBXBuildFile section */
		5E2B4E04CE7A56D1D0C73D7B /* Pods_Questions.framework in Frameworks */ = {isa = PBXBuildFile; fileRef = 3800E43FC82DD7431DDC60EA /* Pods_Questions.framework */; };
		FA768A2728511B86007378B0 /* AppDelegate.swift in Sources */ = {isa = PBXBuildFile; fileRef = FA768A2628511B86007378B0 /* AppDelegate.swift */; };
		FA768A2928511B86007378B0 /* SceneDelegate.swift in Sources */ = {isa = PBXBuildFile; fileRef = FA768A2828511B86007378B0 /* SceneDelegate.swift */; };
		FA768A2B28511B86007378B0 /* QMainController.swift in Sources */ = {isa = PBXBuildFile; fileRef = FA768A2A28511B86007378B0 /* QMainController.swift */; };
		FA768A2E28511B86007378B0 /* Main.storyboard in Resources */ = {isa = PBXBuildFile; fileRef = FA768A2C28511B86007378B0 /* Main.storyboard */; };
		FA768A3028511B8C007378B0 /* Assets.xcassets in Resources */ = {isa = PBXBuildFile; fileRef = FA768A2F28511B8C007378B0 /* Assets.xcassets */; };
		FA768A3328511B8C007378B0 /* LaunchScreen.storyboard in Resources */ = {isa = PBXBuildFile; fileRef = FA768A3128511B8C007378B0 /* LaunchScreen.storyboard */; };
		FA768A5328512F59007378B0 /* QSearchBar.swift in Sources */ = {isa = PBXBuildFile; fileRef = FA768A5228512F59007378B0 /* QSearchBar.swift */; };
		FA768A5528512F67007378B0 /* UIView + Storyboard.swift in Sources */ = {isa = PBXBuildFile; fileRef = FA768A5428512F67007378B0 /* UIView + Storyboard.swift */; };
		FA9C86E2285BEAE100B69BB2 /* QBaseController.swift in Sources */ = {isa = PBXBuildFile; fileRef = FA9C86E1285BEAE100B69BB2 /* QBaseController.swift */; };
		FA9C86E5285BED7800B69BB2 /* QMainViewModel.swift in Sources */ = {isa = PBXBuildFile; fileRef = FA9C86E4285BED7800B69BB2 /* QMainViewModel.swift */; };
		FACAC1C02853F13000FC1C7F /* UIView + shadow.swift in Sources */ = {isa = PBXBuildFile; fileRef = FACAC1BF2853F13000FC1C7F /* UIView + shadow.swift */; };
		FAF50A7E28554C9F00EB5DCD /* TestCell.xib in Resources */ = {isa = PBXBuildFile; fileRef = FAF50A7D28554C9F00EB5DCD /* TestCell.xib */; };
		FAF50A8028554DC900EB5DCD /* TestCell.swift in Sources */ = {isa = PBXBuildFile; fileRef = FAF50A7F28554DC900EB5DCD /* TestCell.swift */; };
		FAF50A8328554E3500EB5DCD /* QBaseCollectionViewCell.swift in Sources */ = {isa = PBXBuildFile; fileRef = FAF50A8228554E3500EB5DCD /* QBaseCollectionViewCell.swift */; };
		FAF50A8528554EBB00EB5DCD /* QBaseVM.swift in Sources */ = {isa = PBXBuildFile; fileRef = FAF50A8428554EBB00EB5DCD /* QBaseVM.swift */; };
		FAF50A882855533E00EB5DCD /* String.swift in Sources */ = {isa = PBXBuildFile; fileRef = FAF50A872855533E00EB5DCD /* String.swift */; };
		FAF50A8A2855539F00EB5DCD /* QBaseViewModel.swift in Sources */ = {isa = PBXBuildFile; fileRef = FAF50A892855539E00EB5DCD /* QBaseViewModel.swift */; };
		FA768A5A28512FA1007378B0 /* QService.swift in Sources */ = {isa = PBXBuildFile; fileRef = FA768A5928512FA0007378B0 /* QService.swift */; };
		FA768A5E2851305D007378B0 /* TmpRepositoryOnline.swift in Sources */ = {isa = PBXBuildFile; fileRef = FA768A5D2851305D007378B0 /* TmpRepositoryOnline.swift */; };
		FAAA3A2028D377310045495D /* QServiceFactoryProtocol.swift in Sources */ = {isa = PBXBuildFile; fileRef = FAAA3A1F28D377310045495D /* QServiceFactoryProtocol.swift */; };
		FAAA3A2228D37A0A0045495D /* TmpService.swift in Sources */ = {isa = PBXBuildFile; fileRef = FAAA3A2128D37A0A0045495D /* TmpService.swift */; };
		FAAA3A2628D37C280045495D /* TmpRepositoryOffline.swift in Sources */ = {isa = PBXBuildFile; fileRef = FAAA3A2528D37C280045495D /* TmpRepositoryOffline.swift */; };
		FAAA3A2828D37C9C0045495D /* QRepository.swift in Sources */ = {isa = PBXBuildFile; fileRef = FAAA3A2728D37C9C0045495D /* QRepository.swift */; };
		FAAA3A2A28D37CCB0045495D /* QRepositoryOffline.swift in Sources */ = {isa = PBXBuildFile; fileRef = FAAA3A2928D37CCB0045495D /* QRepositoryOffline.swift */; };
		FAAA3A2C28D37D230045495D /* QRepositoryOnline.swift in Sources */ = {isa = PBXBuildFile; fileRef = FAAA3A2B28D37D230045495D /* QRepositoryOnline.swift */; };
		FAAA3A2E28D37D940045495D /* TmpRepositoryProtocol.swift in Sources */ = {isa = PBXBuildFile; fileRef = FAAA3A2D28D37D940045495D /* TmpRepositoryProtocol.swift */; };
		FAAA3A3028D391D80045495D /* QServiceFactory.swift in Sources */ = {isa = PBXBuildFile; fileRef = FAAA3A2F28D391D80045495D /* QServiceFactory.swift */; };
		FAAA3A3228D3934A0045495D /* TmpServiceProtocol.swift in Sources */ = {isa = PBXBuildFile; fileRef = FAAA3A3128D393490045495D /* TmpServiceProtocol.swift */; };
/* End PBXBuildFile section */

/* Begin PBXFileReference section */
		3800E43FC82DD7431DDC60EA /* Pods_Questions.framework */ = {isa = PBXFileReference; explicitFileType = wrapper.framework; includeInIndex = 0; path = Pods_Questions.framework; sourceTree = BUILT_PRODUCTS_DIR; };
		8BBAB502BD72AA1B95E8F59C /* Pods-Questions.release.xcconfig */ = {isa = PBXFileReference; includeInIndex = 1; lastKnownFileType = text.xcconfig; name = "Pods-Questions.release.xcconfig"; path = "Target Support Files/Pods-Questions/Pods-Questions.release.xcconfig"; sourceTree = "<group>"; };
		CF9CA3A37603EACBA4EBFF88 /* Pods-Questions.debug.xcconfig */ = {isa = PBXFileReference; includeInIndex = 1; lastKnownFileType = text.xcconfig; name = "Pods-Questions.debug.xcconfig"; path = "Target Support Files/Pods-Questions/Pods-Questions.debug.xcconfig"; sourceTree = "<group>"; };
		FA768A2328511B86007378B0 /* Questions.app */ = {isa = PBXFileReference; explicitFileType = wrapper.application; includeInIndex = 0; path = Questions.app; sourceTree = BUILT_PRODUCTS_DIR; };
		FA768A2628511B86007378B0 /* AppDelegate.swift */ = {isa = PBXFileReference; lastKnownFileType = sourcecode.swift; path = AppDelegate.swift; sourceTree = "<group>"; };
		FA768A2828511B86007378B0 /* SceneDelegate.swift */ = {isa = PBXFileReference; lastKnownFileType = sourcecode.swift; path = SceneDelegate.swift; sourceTree = "<group>"; };
		FA768A2A28511B86007378B0 /* QMainController.swift */ = {isa = PBXFileReference; lastKnownFileType = sourcecode.swift; path = QMainController.swift; sourceTree = "<group>"; };
		FA768A2D28511B86007378B0 /* Base */ = {isa = PBXFileReference; lastKnownFileType = file.storyboard; name = Base; path = Base.lproj/Main.storyboard; sourceTree = "<group>"; };
		FA768A2F28511B8C007378B0 /* Assets.xcassets */ = {isa = PBXFileReference; lastKnownFileType = folder.assetcatalog; path = Assets.xcassets; sourceTree = "<group>"; };
		FA768A3228511B8C007378B0 /* Base */ = {isa = PBXFileReference; lastKnownFileType = file.storyboard; name = Base; path = Base.lproj/LaunchScreen.storyboard; sourceTree = "<group>"; };
		FA768A3428511B8C007378B0 /* Info.plist */ = {isa = PBXFileReference; lastKnownFileType = text.plist.xml; path = Info.plist; sourceTree = "<group>"; };
		FA768A5228512F59007378B0 /* QSearchBar.swift */ = {isa = PBXFileReference; lastKnownFileType = sourcecode.swift; path = QSearchBar.swift; sourceTree = "<group>"; };
		FA768A5428512F67007378B0 /* UIView + Storyboard.swift */ = {isa = PBXFileReference; lastKnownFileType = sourcecode.swift; path = "UIView + Storyboard.swift"; sourceTree = "<group>"; };
		FA768A5928512FA0007378B0 /* Service.swift */ = {isa = PBXFileReference; lastKnownFileType = sourcecode.swift; path = Service.swift; sourceTree = "<group>"; };
		FA768A5D2851305D007378B0 /* Repository.swift */ = {isa = PBXFileReference; lastKnownFileType = sourcecode.swift; path = Repository.swift; sourceTree = "<group>"; };
		FA9C86E1285BEAE100B69BB2 /* QBaseController.swift */ = {isa = PBXFileReference; lastKnownFileType = sourcecode.swift; path = QBaseController.swift; sourceTree = "<group>"; };
		FA9C86E4285BED7800B69BB2 /* QMainViewModel.swift */ = {isa = PBXFileReference; lastKnownFileType = sourcecode.swift; path = QMainViewModel.swift; sourceTree = "<group>"; };
		FACAC1BF2853F13000FC1C7F /* UIView + shadow.swift */ = {isa = PBXFileReference; lastKnownFileType = sourcecode.swift; path = "UIView + shadow.swift"; sourceTree = "<group>"; };
		FAF50A7D28554C9F00EB5DCD /* TestCell.xib */ = {isa = PBXFileReference; lastKnownFileType = file.xib; path = TestCell.xib; sourceTree = "<group>"; };
		FAF50A7F28554DC900EB5DCD /* TestCell.swift */ = {isa = PBXFileReference; lastKnownFileType = sourcecode.swift; path = TestCell.swift; sourceTree = "<group>"; };
		FAF50A8228554E3500EB5DCD /* QBaseCollectionViewCell.swift */ = {isa = PBXFileReference; lastKnownFileType = sourcecode.swift; path = QBaseCollectionViewCell.swift; sourceTree = "<group>"; };
		FAF50A8428554EBB00EB5DCD /* QBaseVM.swift */ = {isa = PBXFileReference; lastKnownFileType = sourcecode.swift; path = QBaseVM.swift; sourceTree = "<group>"; };
		FAF50A872855533E00EB5DCD /* String.swift */ = {isa = PBXFileReference; lastKnownFileType = sourcecode.swift; path = String.swift; sourceTree = "<group>"; };
		FAF50A892855539E00EB5DCD /* QBaseViewModel.swift */ = {isa = PBXFileReference; lastKnownFileType = sourcecode.swift; path = QBaseViewModel.swift; sourceTree = "<group>"; };
		FA768A5928512FA0007378B0 /* QService.swift */ = {isa = PBXFileReference; lastKnownFileType = sourcecode.swift; path = QService.swift; sourceTree = "<group>"; };
		FA768A5D2851305D007378B0 /* TmpRepositoryOnline.swift */ = {isa = PBXFileReference; lastKnownFileType = sourcecode.swift; path = TmpRepositoryOnline.swift; sourceTree = "<group>"; };
		FAAA3A1F28D377310045495D /* QServiceFactoryProtocol.swift */ = {isa = PBXFileReference; lastKnownFileType = sourcecode.swift; path = QServiceFactoryProtocol.swift; sourceTree = "<group>"; };
		FAAA3A2128D37A0A0045495D /* TmpService.swift */ = {isa = PBXFileReference; lastKnownFileType = sourcecode.swift; path = TmpService.swift; sourceTree = "<group>"; };
		FAAA3A2528D37C280045495D /* TmpRepositoryOffline.swift */ = {isa = PBXFileReference; lastKnownFileType = sourcecode.swift; path = TmpRepositoryOffline.swift; sourceTree = "<group>"; };
		FAAA3A2728D37C9C0045495D /* QRepository.swift */ = {isa = PBXFileReference; lastKnownFileType = sourcecode.swift; path = QRepository.swift; sourceTree = "<group>"; };
		FAAA3A2928D37CCB0045495D /* QRepositoryOffline.swift */ = {isa = PBXFileReference; lastKnownFileType = sourcecode.swift; path = QRepositoryOffline.swift; sourceTree = "<group>"; };
		FAAA3A2B28D37D230045495D /* QRepositoryOnline.swift */ = {isa = PBXFileReference; lastKnownFileType = sourcecode.swift; path = QRepositoryOnline.swift; sourceTree = "<group>"; };
		FAAA3A2D28D37D940045495D /* TmpRepositoryProtocol.swift */ = {isa = PBXFileReference; lastKnownFileType = sourcecode.swift; path = TmpRepositoryProtocol.swift; sourceTree = "<group>"; };
		FAAA3A2F28D391D80045495D /* QServiceFactory.swift */ = {isa = PBXFileReference; lastKnownFileType = sourcecode.swift; path = QServiceFactory.swift; sourceTree = "<group>"; };
		FAAA3A3128D393490045495D /* TmpServiceProtocol.swift */ = {isa = PBXFileReference; lastKnownFileType = sourcecode.swift; path = TmpServiceProtocol.swift; sourceTree = "<group>"; };
/* End PBXFileReference section */

/* Begin PBXFrameworksBuildPhase section */
		FA768A2028511B86007378B0 /* Frameworks */ = {
			isa = PBXFrameworksBuildPhase;
			buildActionMask = 2147483647;
			files = (
				5E2B4E04CE7A56D1D0C73D7B /* Pods_Questions.framework in Frameworks */,
			);
			runOnlyForDeploymentPostprocessing = 0;
		};
/* End PBXFrameworksBuildPhase section */

/* Begin PBXGroup section */
		3F6D73B3D8BD4893955D91FB /* Frameworks */ = {
			isa = PBXGroup;
			children = (
				3800E43FC82DD7431DDC60EA /* Pods_Questions.framework */,
			);
			name = Frameworks;
			sourceTree = "<group>";
		};
		7F9C488E3E4BA961956B9E8C /* Pods */ = {
			isa = PBXGroup;
			children = (
				CF9CA3A37603EACBA4EBFF88 /* Pods-Questions.debug.xcconfig */,
				8BBAB502BD72AA1B95E8F59C /* Pods-Questions.release.xcconfig */,
			);
			path = Pods;
			sourceTree = "<group>";
		};
		FA03FEE428528C7D00A47E2D /* Cells */ = {
			isa = PBXGroup;
			children = (
				FAF50A7D28554C9F00EB5DCD /* TestCell.xib */,
			);
			path = Cells;
			sourceTree = "<group>";
		};
		FA768A1A28511B86007378B0 = {
			isa = PBXGroup;
			children = (
				FA768A2528511B86007378B0 /* Questions */,
				FA768A2428511B86007378B0 /* Products */,
				7F9C488E3E4BA961956B9E8C /* Pods */,
				3F6D73B3D8BD4893955D91FB /* Frameworks */,
			);
			sourceTree = "<group>";
		};
		FA768A2428511B86007378B0 /* Products */ = {
			isa = PBXGroup;
			children = (
				FA768A2328511B86007378B0 /* Questions.app */,
			);
			name = Products;
			sourceTree = "<group>";
		};
		FA768A2528511B86007378B0 /* Questions */ = {
			isa = PBXGroup;
			children = (
				FA768A4D28512E81007378B0 /* Presentation */,
				FA768A5628512F77007378B0 /* BLL */,
				FA768A5B2851300F007378B0 /* DAL */,
				FA768A5F2851307D007378B0 /* Resourses */,
			);
			path = Questions;
			sourceTree = "<group>";
		};
		FA768A4D28512E81007378B0 /* Presentation */ = {
			isa = PBXGroup;
			children = (
				FA768A5128512EC0007378B0 /* Extensions */,
				FA768A5028512EB2007378B0 /* Components */,
				FA768A4F28512EA3007378B0 /* Controllers */,
				FA768A4E28512E95007378B0 /* Views */,
			);
			path = Presentation;
			sourceTree = "<group>";
		};
		FA768A4E28512E95007378B0 /* Views */ = {
			isa = PBXGroup;
			children = (
				FA03FEE428528C7D00A47E2D /* Cells */,
				FA768A2C28511B86007378B0 /* Main.storyboard */,
				FA768A3128511B8C007378B0 /* LaunchScreen.storyboard */,
			);
			path = Views;
			sourceTree = "<group>";
		};
		FA768A4F28512EA3007378B0 /* Controllers */ = {
			isa = PBXGroup;
			children = (
				FA9C86E3285BED6300B69BB2 /* Main */,
				FAF50A8128554E0100EB5DCD /* Base */,
				FAF50A7F28554DC900EB5DCD /* TestCell.swift */,
			);
			path = Controllers;
			sourceTree = "<group>";
		};
		FA768A5028512EB2007378B0 /* Components */ = {
			isa = PBXGroup;
			children = (
				FA768A5228512F59007378B0 /* QSearchBar.swift */,
			);
			path = Components;
			sourceTree = "<group>";
		};
		FA768A5128512EC0007378B0 /* Extensions */ = {
			isa = PBXGroup;
			children = (
				FA768A5428512F67007378B0 /* UIView + Storyboard.swift */,
				FACAC1BF2853F13000FC1C7F /* UIView + shadow.swift */,
			);
			path = Extensions;
			sourceTree = "<group>";
		};
		FA768A5628512F77007378B0 /* BLL */ = {
			isa = PBXGroup;
			children = (
				FAF50A862855532500EB5DCD /* Extensions */,
				FA768A5828512F91007378B0 /* Services */,
				FA768A5728512F87007378B0 /* System */,
			);
			path = BLL;
			sourceTree = "<group>";
		};
		FA768A5728512F87007378B0 /* System */ = {
			isa = PBXGroup;
			children = (
				FA768A2628511B86007378B0 /* AppDelegate.swift */,
				FA768A2828511B86007378B0 /* SceneDelegate.swift */,
				FA768A3428511B8C007378B0 /* Info.plist */,
			);
			path = System;
			sourceTree = "<group>";
		};
		FA768A5828512F91007378B0 /* Services */ = {
			isa = PBXGroup;
			children = (
				FAAA3A1F28D377310045495D /* QServiceFactoryProtocol.swift */,
				FAAA3A2F28D391D80045495D /* QServiceFactory.swift */,
				FA768A5928512FA0007378B0 /* QService.swift */,
				FAAA3A3128D393490045495D /* TmpServiceProtocol.swift */,
				FAAA3A2128D37A0A0045495D /* TmpService.swift */,
			);
			path = Services;
			sourceTree = "<group>";
		};
		FA768A5B2851300F007378B0 /* DAL */ = {
			isa = PBXGroup;
			children = (
				FA768A5C28513043007378B0 /* Repositories */,
			);
			path = DAL;
			sourceTree = "<group>";
		};
		FA768A5C28513043007378B0 /* Repositories */ = {
			isa = PBXGroup;
			children = (
				FAAA3A2728D37C9C0045495D /* QRepository.swift */,
				FAAA3A2428D37BB20045495D /* Offline */,
				FAAA3A2328D37B8F0045495D /* Online */,
				FAAA3A2D28D37D940045495D /* TmpRepositoryProtocol.swift */,
			);
			path = Repositories;
			sourceTree = "<group>";
		};
		FA768A5F2851307D007378B0 /* Resourses */ = {
			isa = PBXGroup;
			children = (
				FA768A2F28511B8C007378B0 /* Assets.xcassets */,
			);
			path = Resourses;
			sourceTree = "<group>";
		};
		FA9C86E3285BED6300B69BB2 /* Main */ = {
			isa = PBXGroup;
			children = (
				FA768A2A28511B86007378B0 /* QMainController.swift */,
				FA9C86E4285BED7800B69BB2 /* QMainViewModel.swift */,
			);
			path = Main;
			sourceTree = "<group>";
		};
		FAF50A8128554E0100EB5DCD /* Base */ = {
			isa = PBXGroup;
			children = (
				FAF50A8228554E3500EB5DCD /* QBaseCollectionViewCell.swift */,
				FAF50A8428554EBB00EB5DCD /* QBaseVM.swift */,
				FAF50A892855539E00EB5DCD /* QBaseViewModel.swift */,
				FA9C86E1285BEAE100B69BB2 /* QBaseController.swift */,
			);
			path = Base;
			sourceTree = "<group>";
		};
		FAF50A862855532500EB5DCD /* Extensions */ = {
			isa = PBXGroup;
			children = (
				FAF50A872855533E00EB5DCD /* String.swift */,
			);
			path = Extensions;
            sourceTree = "<group>";
        };
		FAAA3A2328D37B8F0045495D /* Online */ = {
			isa = PBXGroup;
			children = (
				FAAA3A2B28D37D230045495D /* QRepositoryOnline.swift */,
				FA768A5D2851305D007378B0 /* TmpRepositoryOnline.swift */,
			);
			path = Online;
			sourceTree = "<group>";
		};
		FAAA3A2428D37BB20045495D /* Offline */ = {
			isa = PBXGroup;
			children = (
				FAAA3A2928D37CCB0045495D /* QRepositoryOffline.swift */,
				FAAA3A2528D37C280045495D /* TmpRepositoryOffline.swift */,
			);
			path = Offline;
			sourceTree = "<group>";
		};
/* End PBXGroup section */

/* Begin PBXNativeTarget section */
		FA768A2228511B86007378B0 /* Questions */ = {
			isa = PBXNativeTarget;
			buildConfigurationList = FA768A3728511B8C007378B0 /* Build configuration list for PBXNativeTarget "Questions" */;
			buildPhases = (
				A00530596AEA511F23B08C98 /* [CP] Check Pods Manifest.lock */,
				FA768A1F28511B86007378B0 /* Sources */,
				FA768A2028511B86007378B0 /* Frameworks */,
				FA768A2128511B86007378B0 /* Resources */,
				51884FFC9220F0D9CEB6881F /* [CP] Embed Pods Frameworks */,
			);
			buildRules = (
			);
			dependencies = (
			);
			name = Questions;
			productName = Questions;
			productReference = FA768A2328511B86007378B0 /* Questions.app */;
			productType = "com.apple.product-type.application";
		};
/* End PBXNativeTarget section */

/* Begin PBXProject section */
		FA768A1B28511B86007378B0 /* Project object */ = {
			isa = PBXProject;
			attributes = {
				BuildIndependentTargetsInParallel = 1;
				LastSwiftUpdateCheck = 1330;
				LastUpgradeCheck = 1330;
				TargetAttributes = {
					FA768A2228511B86007378B0 = {
						CreatedOnToolsVersion = 13.3;
					};
				};
			};
			buildConfigurationList = FA768A1E28511B86007378B0 /* Build configuration list for PBXProject "Questions" */;
			compatibilityVersion = "Xcode 13.0";
			developmentRegion = en;
			hasScannedForEncodings = 0;
			knownRegions = (
				en,
				Base,
			);
			mainGroup = FA768A1A28511B86007378B0;
			productRefGroup = FA768A2428511B86007378B0 /* Products */;
			projectDirPath = "";
			projectRoot = "";
			targets = (
				FA768A2228511B86007378B0 /* Questions */,
			);
		};
/* End PBXProject section */

/* Begin PBXResourcesBuildPhase section */
		FA768A2128511B86007378B0 /* Resources */ = {
			isa = PBXResourcesBuildPhase;
			buildActionMask = 2147483647;
			files = (
				FA768A3328511B8C007378B0 /* LaunchScreen.storyboard in Resources */,
				FAF50A7E28554C9F00EB5DCD /* TestCell.xib in Resources */,
				FA768A3028511B8C007378B0 /* Assets.xcassets in Resources */,
				FA768A2E28511B86007378B0 /* Main.storyboard in Resources */,
			);
			runOnlyForDeploymentPostprocessing = 0;
		};
/* End PBXResourcesBuildPhase section */

/* Begin PBXShellScriptBuildPhase section */
		51884FFC9220F0D9CEB6881F /* [CP] Embed Pods Frameworks */ = {
			isa = PBXShellScriptBuildPhase;
			buildActionMask = 2147483647;
			files = (
			);
			inputFileListPaths = (
				"${PODS_ROOT}/Target Support Files/Pods-Questions/Pods-Questions-frameworks-${CONFIGURATION}-input-files.xcfilelist",
			);
			name = "[CP] Embed Pods Frameworks";
			outputFileListPaths = (
				"${PODS_ROOT}/Target Support Files/Pods-Questions/Pods-Questions-frameworks-${CONFIGURATION}-output-files.xcfilelist",
			);
			runOnlyForDeploymentPostprocessing = 0;
			shellPath = /bin/sh;
			shellScript = "\"${PODS_ROOT}/Target Support Files/Pods-Questions/Pods-Questions-frameworks.sh\"\n";
			showEnvVarsInLog = 0;
		};
		A00530596AEA511F23B08C98 /* [CP] Check Pods Manifest.lock */ = {
			isa = PBXShellScriptBuildPhase;
			buildActionMask = 2147483647;
			files = (
			);
			inputFileListPaths = (
			);
			inputPaths = (
				"${PODS_PODFILE_DIR_PATH}/Podfile.lock",
				"${PODS_ROOT}/Manifest.lock",
			);
			name = "[CP] Check Pods Manifest.lock";
			outputFileListPaths = (
			);
			outputPaths = (
				"$(DERIVED_FILE_DIR)/Pods-Questions-checkManifestLockResult.txt",
			);
			runOnlyForDeploymentPostprocessing = 0;
			shellPath = /bin/sh;
			shellScript = "diff \"${PODS_PODFILE_DIR_PATH}/Podfile.lock\" \"${PODS_ROOT}/Manifest.lock\" > /dev/null\nif [ $? != 0 ] ; then\n    # print error to STDERR\n    echo \"error: The sandbox is not in sync with the Podfile.lock. Run 'pod install' or update your CocoaPods installation.\" >&2\n    exit 1\nfi\n# This output is used by Xcode 'outputs' to avoid re-running this script phase.\necho \"SUCCESS\" > \"${SCRIPT_OUTPUT_FILE_0}\"\n";
			showEnvVarsInLog = 0;
		};
/* End PBXShellScriptBuildPhase section */

/* Begin PBXSourcesBuildPhase section */
		FA768A1F28511B86007378B0 /* Sources */ = {
			isa = PBXSourcesBuildPhase;
			buildActionMask = 2147483647;
			files = (
				FA768A5528512F67007378B0 /* UIView + Storyboard.swift in Sources */,
				FACAC1C02853F13000FC1C7F /* UIView + shadow.swift in Sources */,
				FA9C86E5285BED7800B69BB2 /* QMainViewModel.swift in Sources */,
				FAF50A8A2855539F00EB5DCD /* QBaseViewModel.swift in Sources */,
				FAF50A8528554EBB00EB5DCD /* QBaseVM.swift in Sources */,
				FA768A2B28511B86007378B0 /* QMainController.swift in Sources */,
				FAF50A8028554DC900EB5DCD /* TestCell.swift in Sources */,
				FAF50A882855533E00EB5DCD /* String.swift in Sources */,
				FA768A5328512F59007378B0 /* QSearchBar.swift in Sources */,
				FA768A5E2851305D007378B0 /* TmpRepositoryOnline.swift in Sources */,
				FAAA3A2E28D37D940045495D /* TmpRepositoryProtocol.swift in Sources */,
				FAAA3A2228D37A0A0045495D /* TmpService.swift in Sources */,
				FAAA3A2C28D37D230045495D /* QRepositoryOnline.swift in Sources */,
				FAAA3A3228D3934A0045495D /* TmpServiceProtocol.swift in Sources */,
				FAAA3A2828D37C9C0045495D /* QRepository.swift in Sources */,
				FAAA3A2A28D37CCB0045495D /* QRepositoryOffline.swift in Sources */,
				FAAA3A3028D391D80045495D /* QServiceFactory.swift in Sources */,
				FAAA3A2628D37C280045495D /* TmpRepositoryOffline.swift in Sources */,
				FAAA3A2028D377310045495D /* QServiceFactoryProtocol.swift in Sources */,
				FA768A2728511B86007378B0 /* AppDelegate.swift in Sources */,
				FA9C86E2285BEAE100B69BB2 /* QBaseController.swift in Sources */,
				FA768A2928511B86007378B0 /* SceneDelegate.swift in Sources */,
				FAF50A8328554E3500EB5DCD /* QBaseCollectionViewCell.swift in Sources */,
				FA768A5A28512FA1007378B0 /* QService.swift in Sources */,
			);
			runOnlyForDeploymentPostprocessing = 0;
		};
/* End PBXSourcesBuildPhase section */

/* Begin PBXVariantGroup section */
		FA768A2C28511B86007378B0 /* Main.storyboard */ = {
			isa = PBXVariantGroup;
			children = (
				FA768A2D28511B86007378B0 /* Base */,
			);
			name = Main.storyboard;
			sourceTree = "<group>";
		};
		FA768A3128511B8C007378B0 /* LaunchScreen.storyboard */ = {
			isa = PBXVariantGroup;
			children = (
				FA768A3228511B8C007378B0 /* Base */,
			);
			name = LaunchScreen.storyboard;
			sourceTree = "<group>";
		};
/* End PBXVariantGroup section */

/* Begin XCBuildConfiguration section */
		FA768A3528511B8C007378B0 /* Debug */ = {
			isa = XCBuildConfiguration;
			buildSettings = {
				ALWAYS_SEARCH_USER_PATHS = NO;
				CLANG_ANALYZER_NONNULL = YES;
				CLANG_ANALYZER_NUMBER_OBJECT_CONVERSION = YES_AGGRESSIVE;
				CLANG_CXX_LANGUAGE_STANDARD = "gnu++17";
				CLANG_ENABLE_MODULES = YES;
				CLANG_ENABLE_OBJC_ARC = YES;
				CLANG_ENABLE_OBJC_WEAK = YES;
				CLANG_WARN_BLOCK_CAPTURE_AUTORELEASING = YES;
				CLANG_WARN_BOOL_CONVERSION = YES;
				CLANG_WARN_COMMA = YES;
				CLANG_WARN_CONSTANT_CONVERSION = YES;
				CLANG_WARN_DEPRECATED_OBJC_IMPLEMENTATIONS = YES;
				CLANG_WARN_DIRECT_OBJC_ISA_USAGE = YES_ERROR;
				CLANG_WARN_DOCUMENTATION_COMMENTS = YES;
				CLANG_WARN_EMPTY_BODY = YES;
				CLANG_WARN_ENUM_CONVERSION = YES;
				CLANG_WARN_INFINITE_RECURSION = YES;
				CLANG_WARN_INT_CONVERSION = YES;
				CLANG_WARN_NON_LITERAL_NULL_CONVERSION = YES;
				CLANG_WARN_OBJC_IMPLICIT_RETAIN_SELF = YES;
				CLANG_WARN_OBJC_LITERAL_CONVERSION = YES;
				CLANG_WARN_OBJC_ROOT_CLASS = YES_ERROR;
				CLANG_WARN_QUOTED_INCLUDE_IN_FRAMEWORK_HEADER = YES;
				CLANG_WARN_RANGE_LOOP_ANALYSIS = YES;
				CLANG_WARN_STRICT_PROTOTYPES = YES;
				CLANG_WARN_SUSPICIOUS_MOVE = YES;
				CLANG_WARN_UNGUARDED_AVAILABILITY = YES_AGGRESSIVE;
				CLANG_WARN_UNREACHABLE_CODE = YES;
				CLANG_WARN__DUPLICATE_METHOD_MATCH = YES;
				COPY_PHASE_STRIP = NO;
				DEBUG_INFORMATION_FORMAT = dwarf;
				ENABLE_STRICT_OBJC_MSGSEND = YES;
				ENABLE_TESTABILITY = YES;
				GCC_C_LANGUAGE_STANDARD = gnu11;
				GCC_DYNAMIC_NO_PIC = NO;
				GCC_NO_COMMON_BLOCKS = YES;
				GCC_OPTIMIZATION_LEVEL = 0;
				GCC_PREPROCESSOR_DEFINITIONS = (
					"DEBUG=1",
					"$(inherited)",
				);
				GCC_WARN_64_TO_32_BIT_CONVERSION = YES;
				GCC_WARN_ABOUT_RETURN_TYPE = YES_ERROR;
				GCC_WARN_UNDECLARED_SELECTOR = YES;
				GCC_WARN_UNINITIALIZED_AUTOS = YES_AGGRESSIVE;
				GCC_WARN_UNUSED_FUNCTION = YES;
				GCC_WARN_UNUSED_VARIABLE = YES;
				IPHONEOS_DEPLOYMENT_TARGET = 15.4;
				MTL_ENABLE_DEBUG_INFO = INCLUDE_SOURCE;
				MTL_FAST_MATH = YES;
				ONLY_ACTIVE_ARCH = YES;
				SDKROOT = iphoneos;
				SWIFT_ACTIVE_COMPILATION_CONDITIONS = DEBUG;
				SWIFT_OPTIMIZATION_LEVEL = "-Onone";
			};
			name = Debug;
		};
		FA768A3628511B8C007378B0 /* Release */ = {
			isa = XCBuildConfiguration;
			buildSettings = {
				ALWAYS_SEARCH_USER_PATHS = NO;
				CLANG_ANALYZER_NONNULL = YES;
				CLANG_ANALYZER_NUMBER_OBJECT_CONVERSION = YES_AGGRESSIVE;
				CLANG_CXX_LANGUAGE_STANDARD = "gnu++17";
				CLANG_ENABLE_MODULES = YES;
				CLANG_ENABLE_OBJC_ARC = YES;
				CLANG_ENABLE_OBJC_WEAK = YES;
				CLANG_WARN_BLOCK_CAPTURE_AUTORELEASING = YES;
				CLANG_WARN_BOOL_CONVERSION = YES;
				CLANG_WARN_COMMA = YES;
				CLANG_WARN_CONSTANT_CONVERSION = YES;
				CLANG_WARN_DEPRECATED_OBJC_IMPLEMENTATIONS = YES;
				CLANG_WARN_DIRECT_OBJC_ISA_USAGE = YES_ERROR;
				CLANG_WARN_DOCUMENTATION_COMMENTS = YES;
				CLANG_WARN_EMPTY_BODY = YES;
				CLANG_WARN_ENUM_CONVERSION = YES;
				CLANG_WARN_INFINITE_RECURSION = YES;
				CLANG_WARN_INT_CONVERSION = YES;
				CLANG_WARN_NON_LITERAL_NULL_CONVERSION = YES;
				CLANG_WARN_OBJC_IMPLICIT_RETAIN_SELF = YES;
				CLANG_WARN_OBJC_LITERAL_CONVERSION = YES;
				CLANG_WARN_OBJC_ROOT_CLASS = YES_ERROR;
				CLANG_WARN_QUOTED_INCLUDE_IN_FRAMEWORK_HEADER = YES;
				CLANG_WARN_RANGE_LOOP_ANALYSIS = YES;
				CLANG_WARN_STRICT_PROTOTYPES = YES;
				CLANG_WARN_SUSPICIOUS_MOVE = YES;
				CLANG_WARN_UNGUARDED_AVAILABILITY = YES_AGGRESSIVE;
				CLANG_WARN_UNREACHABLE_CODE = YES;
				CLANG_WARN__DUPLICATE_METHOD_MATCH = YES;
				COPY_PHASE_STRIP = NO;
				DEBUG_INFORMATION_FORMAT = "dwarf-with-dsym";
				ENABLE_NS_ASSERTIONS = NO;
				ENABLE_STRICT_OBJC_MSGSEND = YES;
				GCC_C_LANGUAGE_STANDARD = gnu11;
				GCC_NO_COMMON_BLOCKS = YES;
				GCC_WARN_64_TO_32_BIT_CONVERSION = YES;
				GCC_WARN_ABOUT_RETURN_TYPE = YES_ERROR;
				GCC_WARN_UNDECLARED_SELECTOR = YES;
				GCC_WARN_UNINITIALIZED_AUTOS = YES_AGGRESSIVE;
				GCC_WARN_UNUSED_FUNCTION = YES;
				GCC_WARN_UNUSED_VARIABLE = YES;
				IPHONEOS_DEPLOYMENT_TARGET = 15.4;
				MTL_ENABLE_DEBUG_INFO = NO;
				MTL_FAST_MATH = YES;
				ONLY_ACTIVE_ARCH = YES;
				SDKROOT = iphoneos;
				SWIFT_COMPILATION_MODE = wholemodule;
				SWIFT_OPTIMIZATION_LEVEL = "-O";
				VALIDATE_PRODUCT = YES;
			};
			name = Release;
		};
		FA768A3828511B8C007378B0 /* Debug */ = {
			isa = XCBuildConfiguration;
			baseConfigurationReference = CF9CA3A37603EACBA4EBFF88 /* Pods-Questions.debug.xcconfig */;
			buildSettings = {
				ASSETCATALOG_COMPILER_APPICON_NAME = AppIcon;
				ASSETCATALOG_COMPILER_GLOBAL_ACCENT_COLOR_NAME = AccentColor;
				CODE_SIGN_STYLE = Automatic;
				CURRENT_PROJECT_VERSION = 1;
				DEVELOPMENT_TEAM = 955DP87LHM;
				GENERATE_INFOPLIST_FILE = YES;
				INFOPLIST_FILE = Questions/BLL/System/Info.plist;
				INFOPLIST_KEY_UIApplicationSupportsIndirectInputEvents = YES;
				INFOPLIST_KEY_UILaunchStoryboardName = LaunchScreen;
				INFOPLIST_KEY_UISupportedInterfaceOrientations_iPad = "UIInterfaceOrientationPortrait UIInterfaceOrientationPortraitUpsideDown UIInterfaceOrientationLandscapeLeft UIInterfaceOrientationLandscapeRight";
				INFOPLIST_KEY_UISupportedInterfaceOrientations_iPhone = "UIInterfaceOrientationPortrait UIInterfaceOrientationLandscapeLeft UIInterfaceOrientationLandscapeRight";
				LD_RUNPATH_SEARCH_PATHS = (
					"$(inherited)",
					"@executable_path/Frameworks",
				);
				MARKETING_VERSION = 1.0;
				PRODUCT_BUNDLE_IDENTIFIER = none.Questions;
				PRODUCT_NAME = "$(TARGET_NAME)";
				SWIFT_EMIT_LOC_STRINGS = YES;
				SWIFT_VERSION = 5.0;
				TARGETED_DEVICE_FAMILY = "1,2";
			};
			name = Debug;
		};
		FA768A3928511B8C007378B0 /* Release */ = {
			isa = XCBuildConfiguration;
			baseConfigurationReference = 8BBAB502BD72AA1B95E8F59C /* Pods-Questions.release.xcconfig */;
			buildSettings = {
				ASSETCATALOG_COMPILER_APPICON_NAME = AppIcon;
				ASSETCATALOG_COMPILER_GLOBAL_ACCENT_COLOR_NAME = AccentColor;
				CODE_SIGN_STYLE = Automatic;
				CURRENT_PROJECT_VERSION = 1;
				DEVELOPMENT_TEAM = 955DP87LHM;
				GENERATE_INFOPLIST_FILE = YES;
				INFOPLIST_FILE = Questions/BLL/System/Info.plist;
				INFOPLIST_KEY_UIApplicationSupportsIndirectInputEvents = YES;
				INFOPLIST_KEY_UILaunchStoryboardName = LaunchScreen;
				INFOPLIST_KEY_UISupportedInterfaceOrientations_iPad = "UIInterfaceOrientationPortrait UIInterfaceOrientationPortraitUpsideDown UIInterfaceOrientationLandscapeLeft UIInterfaceOrientationLandscapeRight";
				INFOPLIST_KEY_UISupportedInterfaceOrientations_iPhone = "UIInterfaceOrientationPortrait UIInterfaceOrientationLandscapeLeft UIInterfaceOrientationLandscapeRight";
				LD_RUNPATH_SEARCH_PATHS = (
					"$(inherited)",
					"@executable_path/Frameworks",
				);
				MARKETING_VERSION = 1.0;
				PRODUCT_BUNDLE_IDENTIFIER = none.Questions;
				PRODUCT_NAME = "$(TARGET_NAME)";
				SWIFT_EMIT_LOC_STRINGS = YES;
				SWIFT_VERSION = 5.0;
				TARGETED_DEVICE_FAMILY = "1,2";
			};
			name = Release;
		};
/* End XCBuildConfiguration section */

/* Begin XCConfigurationList section */
		FA768A1E28511B86007378B0 /* Build configuration list for PBXProject "Questions" */ = {
			isa = XCConfigurationList;
			buildConfigurations = (
				FA768A3528511B8C007378B0 /* Debug */,
				FA768A3628511B8C007378B0 /* Release */,
			);
			defaultConfigurationIsVisible = 0;
			defaultConfigurationName = Release;
		};
		FA768A3728511B8C007378B0 /* Build configuration list for PBXNativeTarget "Questions" */ = {
			isa = XCConfigurationList;
			buildConfigurations = (
				FA768A3828511B8C007378B0 /* Debug */,
				FA768A3928511B8C007378B0 /* Release */,
			);
			defaultConfigurationIsVisible = 0;
			defaultConfigurationName = Release;
		};
/* End XCConfigurationList section */
	};
	rootObject = FA768A1B28511B86007378B0 /* Project object */;
}
